
Microsoft Visual Studio Solution File, Format Version 12.00
# Visual Studio Version 17
VisualStudioVersion = 17.13.35919.96
MinimumVisualStudioVersion = 10.0.40219.1
Project("{FAE04EC0-301F-11D3-BF4B-00C04F79EFBC}") = "KalaGenset.ERP.HR.API", "KalaGenset.ERP.HR.API\KalaGenset.ERP.HR.API.csproj", "{56B7C911-E433-4DB2-B16B-78C749038A93}"
EndProject
Project("{FAE04EC0-301F-11D3-BF4B-00C04F79EFBC}") = "KalaGenset.ERP.HR.Core", "KalaGenset.ERP.HR.Core\KalaGenset.ERP.HR.Core.csproj", "{90407635-C851-4B0F-B569-84FC051FDDCB}"
EndProject
Project("{FAE04EC0-301F-11D3-BF4B-00C04F79EFBC}") = "KalaGenset.ERP.HR.Data", "KalaGenset.ERP.HR.Data\KalaGenset.ERP.HR.Data.csproj", "{0F0A4BAB-6730-4EB2-94BC-04FB92ACEF4F}"
EndProject
Project("{FAE04EC0-301F-11D3-BF4B-00C04F79EFBC}") = "KalaGenset.ERP.HR.Infra", "KalaGenset.ERP.HR.Infra\KalaGenset.ERP.HR.Infra.csproj", "{C50AFEDF-3D01-4F6F-B8D7-E59719450680}"
EndProject
Global
	GlobalSection(SolutionConfigurationPlatforms) = preSolution
		Debug|Any CPU = Debug|Any CPU
		Release|Any CPU = Release|Any CPU
	EndGlobalSection
	GlobalSection(ProjectConfigurationPlatforms) = postSolution
		{56B7C911-E433-4DB2-B16B-78C749038A93}.Debug|Any CPU.ActiveCfg = Debug|Any CPU
		{56B7C911-E433-4DB2-B16B-78C749038A93}.Debug|Any CPU.Build.0 = Debug|Any CPU
		{56B7C911-E433-4DB2-B16B-78C749038A93}.Release|Any CPU.ActiveCfg = Release|Any CPU
		{56B7C911-E433-4DB2-B16B-78C749038A93}.Release|Any CPU.Build.0 = Release|Any CPU
		{90407635-C851-4B0F-B569-84FC051FDDCB}.Debug|Any CPU.ActiveCfg = Debug|Any CPU
		{90407635-C851-4B0F-B569-84FC051FDDCB}.Debug|Any CPU.Build.0 = Debug|Any CPU
		{90407635-C851-4B0F-B569-84FC051FDDCB}.Release|Any CPU.ActiveCfg = Release|Any CPU
		{90407635-C851-4B0F-B569-84FC051FDDCB}.Release|Any CPU.Build.0 = Release|Any CPU
		{0F0A4BAB-6730-4EB2-94BC-04FB92ACEF4F}.Debug|Any CPU.ActiveCfg = Debug|Any CPU
		{0F0A4BAB-6730-4EB2-94BC-04FB92ACEF4F}.Debug|Any CPU.Build.0 = Debug|Any CPU
		{0F0A4BAB-6730-4EB2-94BC-04FB92ACEF4F}.Release|Any CPU.ActiveCfg = Release|Any CPU
		{0F0A4BAB-6730-4EB2-94BC-04FB92ACEF4F}.Release|Any CPU.Build.0 = Release|Any CPU
		{C50AFEDF-3D01-4F6F-B8D7-E59719450680}.Debug|Any CPU.ActiveCfg = Debug|Any CPU
		{C50AFEDF-3D01-4F6F-B8D7-E59719450680}.Debug|Any CPU.Build.0 = Debug|Any CPU
		{C50AFEDF-3D01-4F6F-B8D7-E59719450680}.Release|Any CPU.ActiveCfg = Release|Any CPU
		{C50AFEDF-3D01-4F6F-B8D7-E59719450680}.Release|Any CPU.Build.0 = Release|Any CPU
	EndGlobalSection
	GlobalSection(SolutionProperties) = preSolution
		HideSolutionNode = FALSE
	EndGlobalSection
	GlobalSection(ExtensibilityGlobals) = postSolution
		SolutionGuid = {18ABE86A-9ACB-4BEE-9AF9-525AACDA35FA}
	EndGlobalSection
EndGlobal
